
Microsoft Visual Studio Solution File, Format Version 12.00
# Visual Studio Version 17
VisualStudioVersion = 17.10.35013.160
MinimumVisualStudioVersion = 10.0.40219.1
Project("{8BC9CEB8-8B4A-11D0-8D11-00A0C91BC942}") = "gluttonysnake", "gluttonysnake\gluttonysnake.vcxproj", "{5D5537E7-C679-4699-894A-B124054C1203}"
EndProject
Global
	GlobalSection(SolutionConfigurationPlatforms) = preSolution
		Debug|Win32 = Debug|Win32
		Release|Win32 = Release|Win32
	EndGlobalSection
	GlobalSection(ProjectConfigurationPlatforms) = postSolution
		{5D5537E7-C679-4699-894A-B124054C1203}.Debug|Win32.ActiveCfg = Debug|Win32
		{5D5537E7-C679-4699-894A-B124054C1203}.Debug|Win32.Build.0 = Debug|Win32
		{5D5537E7-C679-4699-894A-B124054C1203}.Release|Win32.ActiveCfg = Release|Win32
		{5D5537E7-C679-4699-894A-B124054C1203}.Release|Win32.Build.0 = Release|Win32
	EndGlobalSection
	GlobalSection(SolutionProperties) = preSolution
		HideSolutionNode = FALSE
	EndGlobalSection
	GlobalSection(ExtensibilityGlobals) = postSolution
		SolutionGuid = {505F7677-7DB8-4C79-B9B8-B5522BEFDBD9}
	EndGlobalSection
EndGlobal
